
Microsoft Visual Studio Solution File, Format Version 12.00
# Visual Studio Version 17
VisualStudioVersion = 17.13.35828.75 d17.13
MinimumVisualStudioVersion = 10.0.40219.1
Project("{FAE04EC0-301F-11D3-BF4B-00C04F79EFBC}") = "AppEscritorio1", "AppEscritorio1\AppEscritorio1.csproj", "{1D606AEE-EF01-4EBE-8A26-F9387A20BD8D}"
EndProject
Global
	GlobalSection(SolutionConfigurationPlatforms) = preSolution
		Debug|Any CPU = Debug|Any CPU
		Release|Any CPU = Release|Any CPU
	EndGlobalSection
	GlobalSection(ProjectConfigurationPlatforms) = postSolution
		{1D606AEE-EF01-4EBE-8A26-F9387A20BD8D}.Debug|Any CPU.ActiveCfg = Debug|Any CPU
		{1D606AEE-EF01-4EBE-8A26-F9387A20BD8D}.Debug|Any CPU.Build.0 = Debug|Any CPU
		{1D606AEE-EF01-4EBE-8A26-F9387A20BD8D}.Release|Any CPU.ActiveCfg = Release|Any CPU
		{1D606AEE-EF01-4EBE-8A26-F9387A20BD8D}.Release|Any CPU.Build.0 = Release|Any CPU
	EndGlobalSection
	GlobalSection(SolutionProperties) = preSolution
		HideSolutionNode = FALSE
	EndGlobalSection
	GlobalSection(ExtensibilityGlobals) = postSolution
		SolutionGuid = {679FBD52-40BA-46AC-B438-38CB7D7B5B8F}
	EndGlobalSection
EndGlobal
